
Microsoft Visual Studio Solution File, Format Version 12.00
# Visual Studio Version 17
VisualStudioVersion = 17.12.35707.178 d17.12
MinimumVisualStudioVersion = 10.0.40219.1
Project("{FAE04EC0-301F-11D3-BF4B-00C04F79EFBC}") = "23_3_2025.Server", "23_3_2025.Server\23_3_2025.Server.csproj", "{78F25F3B-4B44-4FBC-832C-97019D2240E7}"
EndProject
Project("{54A90642-561A-4BB1-A94E-469ADEE60C69}") = "23_3_2025.client", "23_3_2025.client\23_3_2025.client.esproj", "{2299C379-6E77-401D-99AF-2AED2AF3C8D3}"
EndProject
Global
	GlobalSection(SolutionConfigurationPlatforms) = preSolution
		Debug|Any CPU = Debug|Any CPU
		Release|Any CPU = Release|Any CPU
	EndGlobalSection
	GlobalSection(ProjectConfigurationPlatforms) = postSolution
		{78F25F3B-4B44-4FBC-832C-97019D2240E7}.Debug|Any CPU.ActiveCfg = Debug|Any CPU
		{78F25F3B-4B44-4FBC-832C-97019D2240E7}.Debug|Any CPU.Build.0 = Debug|Any CPU
		{78F25F3B-4B44-4FBC-832C-97019D2240E7}.Release|Any CPU.ActiveCfg = Release|Any CPU
		{78F25F3B-4B44-4FBC-832C-97019D2240E7}.Release|Any CPU.Build.0 = Release|Any CPU
		{2299C379-6E77-401D-99AF-2AED2AF3C8D3}.Debug|Any CPU.ActiveCfg = Debug|Any CPU
		{2299C379-6E77-401D-99AF-2AED2AF3C8D3}.Debug|Any CPU.Build.0 = Debug|Any CPU
		{2299C379-6E77-401D-99AF-2AED2AF3C8D3}.Debug|Any CPU.Deploy.0 = Debug|Any CPU
		{2299C379-6E77-401D-99AF-2AED2AF3C8D3}.Release|Any CPU.ActiveCfg = Release|Any CPU
		{2299C379-6E77-401D-99AF-2AED2AF3C8D3}.Release|Any CPU.Build.0 = Release|Any CPU
		{2299C379-6E77-401D-99AF-2AED2AF3C8D3}.Release|Any CPU.Deploy.0 = Release|Any CPU
	EndGlobalSection
	GlobalSection(SolutionProperties) = preSolution
		HideSolutionNode = FALSE
	EndGlobalSection
EndGlobal
